schema: '2.0'
stages:
  get_videos:
    cmd: python src/get_videos.py
    deps:
    - path: src/config.py
      md5: 327c096fc0fc073c28020e4362ee6858
      size: 492
    outs:
    - path: data/videos
      md5: 24d464c40fe2e6511058940110924ff0.dir
      size: 612469522
      nfiles: 2
  extract_frames:
    cmd: python src/extract_frames.py
    deps:
    - path: data/videos
      md5: 24d464c40fe2e6511058940110924ff0.dir
      size: 612469522
      nfiles: 2
    - path: src/config.py
      md5: 327c096fc0fc073c28020e4362ee6858
      size: 492
    - path: src/utils.py
      md5: 356a8e60da7843543392eecebaf358e6
      size: 1905
    outs:
    - path: data/raw
      md5: f6d218c7faad5ff57d24c9e9df284b66.dir
      size: 232060877
      nfiles: 9238
  create_train_test_split:
    cmd: python src/create_train_test_split.py
    deps:
    - path: data/raw
      md5: f6d218c7faad5ff57d24c9e9df284b66.dir
      size: 232060877
      nfiles: 9238
    - path: src/config.py
      md5: 327c096fc0fc073c28020e4362ee6858
      size: 492
    outs:
    - path: data/processed
      md5: 1f4a40043a6fdcfab7bdafb11daf5f5f.dir
      size: 136485922
      nfiles: 6002
  train:
    cmd: python src/train.py
    deps:
    - path: data/processed/
      md5: 1f4a40043a6fdcfab7bdafb11daf5f5f.dir
      size: 136485922
      nfiles: 6002
    - path: src/config.py
      md5: 327c096fc0fc073c28020e4362ee6858
      size: 492
    outs:
    - path: metrics.csv
      md5: 7420d5d4c188ae7153122850e2eac07f
      size: 116
    - path: models
      md5: 614b0ef7f0ceed4b235b16c53f44de55.dir
      size: 10175722
      nfiles: 5
    - path: params.yml
      md5: 15f8056f1bac19ad37fe495257ffbc53
      size: 46
