schema: '2.0'
stages:
  get_videos:
    cmd: python src/get_videos.py
    deps:
    - path: src/config.py
      md5: 327c096fc0fc073c28020e4362ee6858
      size: 492
    outs:
    - path: data/videos
      md5: 24d464c40fe2e6511058940110924ff0.dir
      size: 612469522
      nfiles: 2
  extract_frames:
    cmd: python src/extract_frames.py
    deps:
    - path: data/videos
      md5: 24d464c40fe2e6511058940110924ff0.dir
      size: 612469522
      nfiles: 2
    - path: src/config.py
      md5: 327c096fc0fc073c28020e4362ee6858
      size: 492
    - path: src/utils.py
      md5: 356a8e60da7843543392eecebaf358e6
      size: 1905
    outs:
    - path: data/raw
      md5: f6d218c7faad5ff57d24c9e9df284b66.dir
      size: 232060877
      nfiles: 9238
  create_train_test_split:
    cmd: python src/create_train_test_split.py
    deps:
    - path: data/raw
      md5: f6d218c7faad5ff57d24c9e9df284b66.dir
      size: 232060877
      nfiles: 9238
    - path: src/config.py
      md5: 327c096fc0fc073c28020e4362ee6858
      size: 492
    outs:
    - path: data/processed
      md5: cdc59c86075fdcee3cac9ccc6b133bba.dir
      size: 136473626
      nfiles: 6000
  train:
    cmd: python src/train.py
    deps:
    - path: data/processed/
      md5: cdc59c86075fdcee3cac9ccc6b133bba.dir
      size: 136473626
      nfiles: 6000
    - path: src/config.py
      md5: 327c096fc0fc073c28020e4362ee6858
      size: 492
    outs:
    - path: metrics.csv
      md5: b4d787a6d60fa2ed91b2a882ce9ae20c
      size: 114
    - path: models
      md5: 08cc2bb4fffc5426987f1c161c78814f.dir
      size: 2305106
      nfiles: 4
    - path: params.yml
      md5: 6a6246ef5cf8c17da58374615b302959
      size: 33
